{"git_url":"https:\/\/github.com\/cmsium\/Cmsium_library.git","destination_dir":"core","libraries":["lib\/validation","lib\/router","lib\/config","lib\/http_server","lib\/plumber","utils\/openapi","utils\/migrator","lib\/database","lib\/config","lib\/validation","lib\/http_server","lib\/webgear","lib\/presenter","lib\/transaction","lib\/queue"],"last_hash":"862d73446a8b5f3ec67acb4d06e1e8f8dd099751"}